
Microsoft Visual Studio Solution File, Format Version 12.00
# Visual Studio Version 16
VisualStudioVersion = 16.0.30804.86
MinimumVisualStudioVersion = 10.0.40219.1
Project("{9A19103F-16F7-4668-BE54-9A1E7A4F7556}") = "Server", "Server.csproj", "{100E7226-940B-4EEE-97EA-6FE61C373FBE}"
EndProject
Project("{FAE04EC0-301F-11D3-BF4B-00C04F79EFBC}") = "ServerTests", "..\ServerTests\ServerTests.csproj", "{BBFDC406-29F1-43E8-9CD2-8D0072B4774D}"
EndProject
Global
	GlobalSection(SolutionConfigurationPlatforms) = preSolution
		Debug|Any CPU = Debug|Any CPU
		Release|Any CPU = Release|Any CPU
	EndGlobalSection
	GlobalSection(ProjectConfigurationPlatforms) = postSolution
		{100E7226-940B-4EEE-97EA-6FE61C373FBE}.Debug|Any CPU.ActiveCfg = Debug|Any CPU
		{100E7226-940B-4EEE-97EA-6FE61C373FBE}.Debug|Any CPU.Build.0 = Debug|Any CPU
		{100E7226-940B-4EEE-97EA-6FE61C373FBE}.Release|Any CPU.ActiveCfg = Release|Any CPU
		{100E7226-940B-4EEE-97EA-6FE61C373FBE}.Release|Any CPU.Build.0 = Release|Any CPU
		{BBFDC406-29F1-43E8-9CD2-8D0072B4774D}.Debug|Any CPU.ActiveCfg = Debug|Any CPU
		{BBFDC406-29F1-43E8-9CD2-8D0072B4774D}.Debug|Any CPU.Build.0 = Debug|Any CPU
		{BBFDC406-29F1-43E8-9CD2-8D0072B4774D}.Release|Any CPU.ActiveCfg = Release|Any CPU
		{BBFDC406-29F1-43E8-9CD2-8D0072B4774D}.Release|Any CPU.Build.0 = Release|Any CPU
	EndGlobalSection
	GlobalSection(SolutionProperties) = preSolution
		HideSolutionNode = FALSE
	EndGlobalSection
	GlobalSection(ExtensibilityGlobals) = postSolution
		SolutionGuid = {2FE4F4B4-B4E8-4C44-967D-DF144C8DAFC9}
	EndGlobalSection
EndGlobal
